
Microsoft Visual Studio Solution File, Format Version 12.00
# Visual Studio 14
VisualStudioVersion = 14.0.23107.0
MinimumVisualStudioVersion = 10.0.40219.1
Project("{FAE04EC0-301F-11D3-BF4B-00C04F79EFBC}") = "SetecAstronomyAzureKeyVault", "SetecAstronomyAzureKeyVault\SetecAstronomyAzureKeyVault.csproj", "{5D009387-E3D2-4F6D-81D7-318370A7EBD8}"
EndProject
Project("{2150E333-8FDC-42A3-9474-1A3956D46DE8}") = "PublishScripts", "PublishScripts", "{DBC4A521-7654-43E4-9A5A-BB8EA60A93A4}"
	ProjectSection(SolutionItems) = preProject
		PublishScripts\AzureVMPublishModule.psm1 = PublishScripts\AzureVMPublishModule.psm1
		PublishScripts\Publish-WebApplicationVM.ps1 = PublishScripts\Publish-WebApplicationVM.ps1
	EndProjectSection
EndProject
Project("{2150E333-8FDC-42A3-9474-1A3956D46DE8}") = "Configurations", "Configurations", "{69B906AB-630D-41F3-9935-F324F04876D1}"
	ProjectSection(SolutionItems) = preProject
		PublishScripts\Configurations\SetecAstronomyAzureKeyVault-WAWS-dev.json = PublishScripts\Configurations\SetecAstronomyAzureKeyVault-WAWS-dev.json
	EndProjectSection
EndProject
Global
	GlobalSection(SolutionConfigurationPlatforms) = preSolution
		Debug|Any CPU = Debug|Any CPU
		Release|Any CPU = Release|Any CPU
	EndGlobalSection
	GlobalSection(ProjectConfigurationPlatforms) = postSolution
		{5D009387-E3D2-4F6D-81D7-318370A7EBD8}.Debug|Any CPU.ActiveCfg = Debug|Any CPU
		{5D009387-E3D2-4F6D-81D7-318370A7EBD8}.Debug|Any CPU.Build.0 = Debug|Any CPU
		{5D009387-E3D2-4F6D-81D7-318370A7EBD8}.Release|Any CPU.ActiveCfg = Release|Any CPU
		{5D009387-E3D2-4F6D-81D7-318370A7EBD8}.Release|Any CPU.Build.0 = Release|Any CPU
	EndGlobalSection
	GlobalSection(SolutionProperties) = preSolution
		HideSolutionNode = FALSE
	EndGlobalSection
	GlobalSection(NestedProjects) = preSolution
		{69B906AB-630D-41F3-9935-F324F04876D1} = {DBC4A521-7654-43E4-9A5A-BB8EA60A93A4}
	EndGlobalSection
EndGlobal
